
Microsoft Visual Studio Solution File, Format Version 12.00
# Visual Studio Version 17
VisualStudioVersion = 17.14.36705.20 d17.14
MinimumVisualStudioVersion = 10.0.40219.1
Project("{FAE04EC0-301F-11D3-BF4B-00C04F79EFBC}") = "TestedProject", "TestedProject.csproj", "{7CA67170-7122-49C4-AA83-AB494953A594}"
EndProject
Global
	GlobalSection(SolutionConfigurationPlatforms) = preSolution
		Debug|Any CPU = Debug|Any CPU
		Release|Any CPU = Release|Any CPU
	EndGlobalSection
	GlobalSection(ProjectConfigurationPlatforms) = postSolution
		{7CA67170-7122-49C4-AA83-AB494953A594}.Debug|Any CPU.ActiveCfg = Debug|Any CPU
		{7CA67170-7122-49C4-AA83-AB494953A594}.Debug|Any CPU.Build.0 = Debug|Any CPU
		{7CA67170-7122-49C4-AA83-AB494953A594}.Release|Any CPU.ActiveCfg = Release|Any CPU
		{7CA67170-7122-49C4-AA83-AB494953A594}.Release|Any CPU.Build.0 = Release|Any CPU
	EndGlobalSection
	GlobalSection(SolutionProperties) = preSolution
		HideSolutionNode = FALSE
	EndGlobalSection
	GlobalSection(ExtensibilityGlobals) = postSolution
		SolutionGuid = {C202B68C-5998-44D9-8790-D38DB3B437BA}
	EndGlobalSection
EndGlobal
