
Microsoft Visual Studio Solution File, Format Version 12.00
# Visual Studio Version 17
VisualStudioVersion = 17.14.37027.9 d17.14
MinimumVisualStudioVersion = 10.0.40219.1
Project("{FAE04EC0-301F-11D3-BF4B-00C04F79EFBC}") = "CustomThreadPool", "CustomThreadPool.csproj", "{FFB0F8E7-CE5F-4D86-832D-7F7FEC35FC1D}"
EndProject
Global
	GlobalSection(SolutionConfigurationPlatforms) = preSolution
		Debug|Any CPU = Debug|Any CPU
		Release|Any CPU = Release|Any CPU
	EndGlobalSection
	GlobalSection(ProjectConfigurationPlatforms) = postSolution
		{FFB0F8E7-CE5F-4D86-832D-7F7FEC35FC1D}.Debug|Any CPU.ActiveCfg = Debug|Any CPU
		{FFB0F8E7-CE5F-4D86-832D-7F7FEC35FC1D}.Debug|Any CPU.Build.0 = Debug|Any CPU
		{FFB0F8E7-CE5F-4D86-832D-7F7FEC35FC1D}.Release|Any CPU.ActiveCfg = Release|Any CPU
		{FFB0F8E7-CE5F-4D86-832D-7F7FEC35FC1D}.Release|Any CPU.Build.0 = Release|Any CPU
	EndGlobalSection
	GlobalSection(SolutionProperties) = preSolution
		HideSolutionNode = FALSE
	EndGlobalSection
	GlobalSection(ExtensibilityGlobals) = postSolution
		SolutionGuid = {30CFB656-4727-41EF-AAA9-386F7C879ED5}
	EndGlobalSection
EndGlobal
