
Microsoft Visual Studio Solution File, Format Version 12.00
# Visual Studio Version 17
VisualStudioVersion = 17.14.36705.20 d17.14
MinimumVisualStudioVersion = 10.0.40219.1
Project("{FAE04EC0-301F-11D3-BF4B-00C04F79EFBC}") = "TestingProject", "TestingProject.csproj", "{3E02398C-05F1-4B0F-AB7E-ECF5119D5E3A}"
EndProject
Global
	GlobalSection(SolutionConfigurationPlatforms) = preSolution
		Debug|Any CPU = Debug|Any CPU
		Release|Any CPU = Release|Any CPU
	EndGlobalSection
	GlobalSection(ProjectConfigurationPlatforms) = postSolution
		{3E02398C-05F1-4B0F-AB7E-ECF5119D5E3A}.Debug|Any CPU.ActiveCfg = Debug|Any CPU
		{3E02398C-05F1-4B0F-AB7E-ECF5119D5E3A}.Debug|Any CPU.Build.0 = Debug|Any CPU
		{3E02398C-05F1-4B0F-AB7E-ECF5119D5E3A}.Release|Any CPU.ActiveCfg = Release|Any CPU
		{3E02398C-05F1-4B0F-AB7E-ECF5119D5E3A}.Release|Any CPU.Build.0 = Release|Any CPU
	EndGlobalSection
	GlobalSection(SolutionProperties) = preSolution
		HideSolutionNode = FALSE
	EndGlobalSection
	GlobalSection(ExtensibilityGlobals) = postSolution
		SolutionGuid = {C728CACA-580A-4A68-91D2-2D779A2F0D44}
	EndGlobalSection
EndGlobal
